
Microsoft Visual Studio Solution File, Format Version 12.00
# Visual Studio 15
VisualStudioVersion = 15.0.27004.2002
MinimumVisualStudioVersion = 10.0.40219.1
Project("{FAE04EC0-301F-11D3-BF4B-00C04F79EFBC}") = "1. Reverse Strings", "1. Reverse Strings\1. Reverse Strings.csproj", "{2A577BF8-F42F-4BAD-A177-33938379B5D6}"
EndProject
Project("{FAE04EC0-301F-11D3-BF4B-00C04F79EFBC}") = "2.SimpleCalculator", "2.SimpleCalculator\2.SimpleCalculator.csproj", "{6737BC75-CFB6-4B55-9E45-6FEAFE24D32F}"
EndProject
Project("{FAE04EC0-301F-11D3-BF4B-00C04F79EFBC}") = "3. Decimal to Binary Converter", "3. Decimal to Binary Converter\3. Decimal to Binary Converter.csproj", "{9D199042-0DDE-47F5-B353-A3F0A122A8F8}"
EndProject
Project("{FAE04EC0-301F-11D3-BF4B-00C04F79EFBC}") = "4. Matching Brackets", "4. Matching Brackets\4. Matching Brackets.csproj", "{ED02D187-D892-4132-A68E-85658D0C014D}"
EndProject
Project("{FAE04EC0-301F-11D3-BF4B-00C04F79EFBC}") = "5. Hot Potato", "5. Hot Potato\5. Hot Potato.csproj", "{DAE796ED-17EA-437F-889B-C7A155943F2A}"
EndProject
Project("{FAE04EC0-301F-11D3-BF4B-00C04F79EFBC}") = "6.MathPotato", "6.MathPotato\6.MathPotato.csproj", "{7C44C0A7-C38E-49C0-A0A9-9D62BC521638}"
EndProject
Global
	GlobalSection(SolutionConfigurationPlatforms) = preSolution
		Debug|Any CPU = Debug|Any CPU
		Release|Any CPU = Release|Any CPU
	EndGlobalSection
	GlobalSection(ProjectConfigurationPlatforms) = postSolution
		{2A577BF8-F42F-4BAD-A177-33938379B5D6}.Debug|Any CPU.ActiveCfg = Debug|Any CPU
		{2A577BF8-F42F-4BAD-A177-33938379B5D6}.Debug|Any CPU.Build.0 = Debug|Any CPU
		{2A577BF8-F42F-4BAD-A177-33938379B5D6}.Release|Any CPU.ActiveCfg = Release|Any CPU
		{2A577BF8-F42F-4BAD-A177-33938379B5D6}.Release|Any CPU.Build.0 = Release|Any CPU
		{6737BC75-CFB6-4B55-9E45-6FEAFE24D32F}.Debug|Any CPU.ActiveCfg = Debug|Any CPU
		{6737BC75-CFB6-4B55-9E45-6FEAFE24D32F}.Debug|Any CPU.Build.0 = Debug|Any CPU
		{6737BC75-CFB6-4B55-9E45-6FEAFE24D32F}.Release|Any CPU.ActiveCfg = Release|Any CPU
		{6737BC75-CFB6-4B55-9E45-6FEAFE24D32F}.Release|Any CPU.Build.0 = Release|Any CPU
		{9D199042-0DDE-47F5-B353-A3F0A122A8F8}.Debug|Any CPU.ActiveCfg = Debug|Any CPU
		{9D199042-0DDE-47F5-B353-A3F0A122A8F8}.Debug|Any CPU.Build.0 = Debug|Any CPU
		{9D199042-0DDE-47F5-B353-A3F0A122A8F8}.Release|Any CPU.ActiveCfg = Release|Any CPU
		{9D199042-0DDE-47F5-B353-A3F0A122A8F8}.Release|Any CPU.Build.0 = Release|Any CPU
		{ED02D187-D892-4132-A68E-85658D0C014D}.Debug|Any CPU.ActiveCfg = Debug|Any CPU
		{ED02D187-D892-4132-A68E-85658D0C014D}.Debug|Any CPU.Build.0 = Debug|Any CPU
		{ED02D187-D892-4132-A68E-85658D0C014D}.Release|Any CPU.ActiveCfg = Release|Any CPU
		{ED02D187-D892-4132-A68E-85658D0C014D}.Release|Any CPU.Build.0 = Release|Any CPU
		{DAE796ED-17EA-437F-889B-C7A155943F2A}.Debug|Any CPU.ActiveCfg = Debug|Any CPU
		{DAE796ED-17EA-437F-889B-C7A155943F2A}.Debug|Any CPU.Build.0 = Debug|Any CPU
		{DAE796ED-17EA-437F-889B-C7A155943F2A}.Release|Any CPU.ActiveCfg = Release|Any CPU
		{DAE796ED-17EA-437F-889B-C7A155943F2A}.Release|Any CPU.Build.0 = Release|Any CPU
		{7C44C0A7-C38E-49C0-A0A9-9D62BC521638}.Debug|Any CPU.ActiveCfg = Debug|Any CPU
		{7C44C0A7-C38E-49C0-A0A9-9D62BC521638}.Debug|Any CPU.Build.0 = Debug|Any CPU
		{7C44C0A7-C38E-49C0-A0A9-9D62BC521638}.Release|Any CPU.ActiveCfg = Release|Any CPU
		{7C44C0A7-C38E-49C0-A0A9-9D62BC521638}.Release|Any CPU.Build.0 = Release|Any CPU
	EndGlobalSection
	GlobalSection(SolutionProperties) = preSolution
		HideSolutionNode = FALSE
	EndGlobalSection
	GlobalSection(ExtensibilityGlobals) = postSolution
		SolutionGuid = {CC3CBAF2-1B7F-4951-962A-7E0757F1C778}
	EndGlobalSection
EndGlobal
