
Microsoft Visual Studio Solution File, Format Version 12.00
# Visual Studio 15
VisualStudioVersion = 15.0.27004.2002
MinimumVisualStudioVersion = 10.0.40219.1
Project("{FAE04EC0-301F-11D3-BF4B-00C04F79EFBC}") = "01. Dangerous Floor", "01. Dangerous Floor\01. Dangerous Floor.csproj", "{881BCDDE-FC4A-44B6-A597-8E5E82EF47A3}"
EndProject
Project("{FAE04EC0-301F-11D3-BF4B-00C04F79EFBC}") = "02. Crypto Master", "02. Crypto Master\02. Crypto Master.csproj", "{9C4F047C-100E-4C7C-9DC3-9D613853E520}"
EndProject
Project("{FAE04EC0-301F-11D3-BF4B-00C04F79EFBC}") = "03. Greedy Times", "03. Greedy Times\03. Greedy Times.csproj", "{DBA2C03D-7EAD-4D33-A312-E0B90A89E24D}"
EndProject
Global
	GlobalSection(SolutionConfigurationPlatforms) = preSolution
		Debug|Any CPU = Debug|Any CPU
		Release|Any CPU = Release|Any CPU
	EndGlobalSection
	GlobalSection(ProjectConfigurationPlatforms) = postSolution
		{881BCDDE-FC4A-44B6-A597-8E5E82EF47A3}.Debug|Any CPU.ActiveCfg = Debug|Any CPU
		{881BCDDE-FC4A-44B6-A597-8E5E82EF47A3}.Debug|Any CPU.Build.0 = Debug|Any CPU
		{881BCDDE-FC4A-44B6-A597-8E5E82EF47A3}.Release|Any CPU.ActiveCfg = Release|Any CPU
		{881BCDDE-FC4A-44B6-A597-8E5E82EF47A3}.Release|Any CPU.Build.0 = Release|Any CPU
		{9C4F047C-100E-4C7C-9DC3-9D613853E520}.Debug|Any CPU.ActiveCfg = Debug|Any CPU
		{9C4F047C-100E-4C7C-9DC3-9D613853E520}.Debug|Any CPU.Build.0 = Debug|Any CPU
		{9C4F047C-100E-4C7C-9DC3-9D613853E520}.Release|Any CPU.ActiveCfg = Release|Any CPU
		{9C4F047C-100E-4C7C-9DC3-9D613853E520}.Release|Any CPU.Build.0 = Release|Any CPU
		{DBA2C03D-7EAD-4D33-A312-E0B90A89E24D}.Debug|Any CPU.ActiveCfg = Debug|Any CPU
		{DBA2C03D-7EAD-4D33-A312-E0B90A89E24D}.Debug|Any CPU.Build.0 = Debug|Any CPU
		{DBA2C03D-7EAD-4D33-A312-E0B90A89E24D}.Release|Any CPU.ActiveCfg = Release|Any CPU
		{DBA2C03D-7EAD-4D33-A312-E0B90A89E24D}.Release|Any CPU.Build.0 = Release|Any CPU
	EndGlobalSection
	GlobalSection(SolutionProperties) = preSolution
		HideSolutionNode = FALSE
	EndGlobalSection
	GlobalSection(ExtensibilityGlobals) = postSolution
		SolutionGuid = {6E10EF19-0EEC-4C48-8F72-08B464DAB99D}
	EndGlobalSection
EndGlobal
