
Microsoft Visual Studio Solution File, Format Version 12.00
# Visual Studio 15
VisualStudioVersion = 15.0.27004.2002
MinimumVisualStudioVersion = 10.0.40219.1
Project("{9A19103F-16F7-4668-BE54-9A1E7A4F7556}") = "Crossroads", "Crossroads\Crossroads.csproj", "{15BBD841-AB13-4392-B230-5AA3ADAED535}"
EndProject
Project("{9A19103F-16F7-4668-BE54-9A1E7A4F7556}") = "ParkingFeud", "ParkingFeud\ParkingFeud.csproj", "{C52E87CD-0144-40F1-9E6A-974823DA01C8}"
EndProject
Project("{9A19103F-16F7-4668-BE54-9A1E7A4F7556}") = "TicketTrouble", "TicketTrouble\TicketTrouble.csproj", "{0815CD76-2ECE-4182-9546-0846DDAEBEC8}"
EndProject
Project("{FAE04EC0-301F-11D3-BF4B-00C04F79EFBC}") = "MovieTime", "MovieTime\MovieTime.csproj", "{AC33E6D7-E5F6-418C-8783-27CE48BBE04F}"
EndProject
Global
	GlobalSection(SolutionConfigurationPlatforms) = preSolution
		Debug|Any CPU = Debug|Any CPU
		Release|Any CPU = Release|Any CPU
	EndGlobalSection
	GlobalSection(ProjectConfigurationPlatforms) = postSolution
		{15BBD841-AB13-4392-B230-5AA3ADAED535}.Debug|Any CPU.ActiveCfg = Debug|Any CPU
		{15BBD841-AB13-4392-B230-5AA3ADAED535}.Debug|Any CPU.Build.0 = Debug|Any CPU
		{15BBD841-AB13-4392-B230-5AA3ADAED535}.Release|Any CPU.ActiveCfg = Release|Any CPU
		{15BBD841-AB13-4392-B230-5AA3ADAED535}.Release|Any CPU.Build.0 = Release|Any CPU
		{C52E87CD-0144-40F1-9E6A-974823DA01C8}.Debug|Any CPU.ActiveCfg = Debug|Any CPU
		{C52E87CD-0144-40F1-9E6A-974823DA01C8}.Debug|Any CPU.Build.0 = Debug|Any CPU
		{C52E87CD-0144-40F1-9E6A-974823DA01C8}.Release|Any CPU.ActiveCfg = Release|Any CPU
		{C52E87CD-0144-40F1-9E6A-974823DA01C8}.Release|Any CPU.Build.0 = Release|Any CPU
		{0815CD76-2ECE-4182-9546-0846DDAEBEC8}.Debug|Any CPU.ActiveCfg = Debug|Any CPU
		{0815CD76-2ECE-4182-9546-0846DDAEBEC8}.Debug|Any CPU.Build.0 = Debug|Any CPU
		{0815CD76-2ECE-4182-9546-0846DDAEBEC8}.Release|Any CPU.ActiveCfg = Release|Any CPU
		{0815CD76-2ECE-4182-9546-0846DDAEBEC8}.Release|Any CPU.Build.0 = Release|Any CPU
		{AC33E6D7-E5F6-418C-8783-27CE48BBE04F}.Debug|Any CPU.ActiveCfg = Debug|Any CPU
		{AC33E6D7-E5F6-418C-8783-27CE48BBE04F}.Debug|Any CPU.Build.0 = Debug|Any CPU
		{AC33E6D7-E5F6-418C-8783-27CE48BBE04F}.Release|Any CPU.ActiveCfg = Release|Any CPU
		{AC33E6D7-E5F6-418C-8783-27CE48BBE04F}.Release|Any CPU.Build.0 = Release|Any CPU
	EndGlobalSection
	GlobalSection(SolutionProperties) = preSolution
		HideSolutionNode = FALSE
	EndGlobalSection
	GlobalSection(ExtensibilityGlobals) = postSolution
		SolutionGuid = {48B5FE2E-CF78-4E1B-AC25-452141DD4FC5}
	EndGlobalSection
EndGlobal
