
Microsoft Visual Studio Solution File, Format Version 12.00
# Visual Studio 15
VisualStudioVersion = 15.0.27004.2002
MinimumVisualStudioVersion = 10.0.40219.1
Project("{FAE04EC0-301F-11D3-BF4B-00C04F79EFBC}") = "1. Parking Lot", "1. Parking Lot\1. Parking Lot.csproj", "{9140E0A7-10AB-4FEA-8C22-307AB995F615}"
EndProject
Project("{FAE04EC0-301F-11D3-BF4B-00C04F79EFBC}") = "2.  SoftUni Party", "2.  SoftUni Party\2.  SoftUni Party.csproj", "{C1BAF7E6-70EA-49B6-A7EB-6E4BED6E33CC}"
EndProject
Global
	GlobalSection(SolutionConfigurationPlatforms) = preSolution
		Debug|Any CPU = Debug|Any CPU
		Release|Any CPU = Release|Any CPU
	EndGlobalSection
	GlobalSection(ProjectConfigurationPlatforms) = postSolution
		{9140E0A7-10AB-4FEA-8C22-307AB995F615}.Debug|Any CPU.ActiveCfg = Debug|Any CPU
		{9140E0A7-10AB-4FEA-8C22-307AB995F615}.Debug|Any CPU.Build.0 = Debug|Any CPU
		{9140E0A7-10AB-4FEA-8C22-307AB995F615}.Release|Any CPU.ActiveCfg = Release|Any CPU
		{9140E0A7-10AB-4FEA-8C22-307AB995F615}.Release|Any CPU.Build.0 = Release|Any CPU
		{C1BAF7E6-70EA-49B6-A7EB-6E4BED6E33CC}.Debug|Any CPU.ActiveCfg = Debug|Any CPU
		{C1BAF7E6-70EA-49B6-A7EB-6E4BED6E33CC}.Debug|Any CPU.Build.0 = Debug|Any CPU
		{C1BAF7E6-70EA-49B6-A7EB-6E4BED6E33CC}.Release|Any CPU.ActiveCfg = Release|Any CPU
		{C1BAF7E6-70EA-49B6-A7EB-6E4BED6E33CC}.Release|Any CPU.Build.0 = Release|Any CPU
	EndGlobalSection
	GlobalSection(SolutionProperties) = preSolution
		HideSolutionNode = FALSE
	EndGlobalSection
	GlobalSection(ExtensibilityGlobals) = postSolution
		SolutionGuid = {51BB8BC9-29EE-499E-B804-4AD2B6659FD0}
	EndGlobalSection
EndGlobal
